# platform: osx-64
# env_hash: 5ed2ee9d1f442536a5ac7836139e023126149b6ac97d3b8aa8ba70c819742700
@EXPLICIT
https://conda.anaconda.org/conda-forge/osx-64/ca-certificates-2020.12.5-h033912b_0.tar.bz2#4483d8ea13bd57b52e3539e741501a7d
https://conda.anaconda.org/conda-forge/osx-64/libcxx-11.1.0-habf9029_0.tar.bz2#a88609e545f948a404419c65cd96fa1a
https://conda.anaconda.org/conda-forge/osx-64/libiconv-1.16-haf1e3a3_0.tar.bz2#c5fab167412a52e491c8e11453ae016f
https://conda.anaconda.org/conda-forge/osx-64/libsodium-1.0.18-hbcb3906_1.tar.bz2#24632c09ed931af617fe6d5292919cab
https://conda.anaconda.org/conda-forge/osx-64/llvm-openmp-11.1.0-hda6cdc1_1.tar.bz2#ca57c0d989dda699ee387581f781e239
https://conda.anaconda.org/conda-forge/osx-64/ncurses-6.2-h2e338ed_4.tar.bz2#9cef1910395d1543527583e73dba30f1
https://conda.anaconda.org/conda-forge/osx-64/pandoc-2.13-h0d85af4_0.tar.bz2#bee54b1cef69dd845f1057014a3461ee
https://conda.anaconda.org/conda-forge/osx-64/xz-5.2.5-haf1e3a3_1.tar.bz2#41116deb499e9bc58048c297d6403ce6
https://conda.anaconda.org/conda-forge/osx-64/yaml-0.2.5-haf1e3a3_0.tar.bz2#84c2fc186995c25a43e86ed708065572
https://conda.anaconda.org/conda-forge/osx-64/zlib-1.2.11-h7795811_1010.tar.bz2#7d39e47e16ed0107f37c7224d5b5be8b
https://conda.anaconda.org/conda-forge/osx-64/icu-68.1-h74dc148_0.tar.bz2#e4e7f8580abd1275ea2250fe606b66ac
https://conda.anaconda.org/conda-forge/osx-64/libffi-3.3-h046ec9c_2.tar.bz2#c7a196accaf92d40985d5c9b4d14f9cb
https://conda.anaconda.org/conda-forge/osx-64/libgfortran5-9.3.0-h6c81a4c_21.tar.bz2#a3700bc443f7de3f166e524e59047063
https://conda.anaconda.org/conda-forge/osx-64/openssl-1.1.1k-h0d85af4_0.tar.bz2#f9582eb16f4e3bc7932995e122f30a74
https://conda.anaconda.org/conda-forge/osx-64/readline-8.1-h05e3726_0.tar.bz2#2832e9b6a7caa7cb192fcda6cfcd8871
https://conda.anaconda.org/conda-forge/osx-64/tk-8.6.10-h0419947_1.tar.bz2#9a79a432473acddd936ff8bab8b86145
https://conda.anaconda.org/conda-forge/osx-64/zeromq-4.3.4-h1c7c35f_0.tar.bz2#2af55e3523e9210b2b2dff5855fb5382
https://conda.anaconda.org/conda-forge/osx-64/libgfortran-5.0.0-9_3_0_h6c81a4c_21.tar.bz2#0d645c5341efd3e30c668962f31320e1
https://conda.anaconda.org/conda-forge/osx-64/libxml2-2.9.10-h802ca4f_3.tar.bz2#42435730cf54092342e0c3eb571b511b
https://conda.anaconda.org/conda-forge/osx-64/sqlite-3.35.4-h44b9ce1_0.tar.bz2#8a07c36ce8a003a8213591882314dac6
https://conda.anaconda.org/conda-forge/osx-64/libopenblas-0.3.12-openmp_h54245bb_1.tar.bz2#ecaffce11312c27c18ad35e65095fecc
https://conda.anaconda.org/conda-forge/osx-64/libxslt-1.1.33-h5739fc3_2.tar.bz2#14333dae9eef1116162a1bb6119d3537
https://conda.anaconda.org/conda-forge/osx-64/python-3.8.8-h4e93d89_0_cpython.tar.bz2#fd8260be7af83c005bbf0767361da91d
https://conda.anaconda.org/conda-forge/noarch/appdirs-1.4.4-pyh9f0ad1d_0.tar.bz2#5f095bc6454094e96f146491fd03633b
https://conda.anaconda.org/conda-forge/noarch/async_generator-1.10-py_0.tar.bz2#d56c596e61b1c4952acf0a9920856c12
https://conda.anaconda.org/conda-forge/noarch/attrs-20.3.0-pyhd3deb0d_0.tar.bz2#5b319abb055eefcfa344bc21378ca23f
https://conda.anaconda.org/conda-forge/noarch/backcall-0.2.0-pyh9f0ad1d_0.tar.bz2#6006a6d08a3fa99268a2681c7fb55213
https://conda.anaconda.org/conda-forge/noarch/backports-1.0-py_2.tar.bz2#0da16b293affa6ac31812376f8eb79dd
https://conda.anaconda.org/conda-forge/noarch/click-7.1.2-pyh9f0ad1d_0.tar.bz2#bd50a970ce07e660c319fdc4d730d3f1
https://conda.anaconda.org/conda-forge/noarch/colorama-0.4.4-pyh9f0ad1d_0.tar.bz2#c08b4c1326b880ed44f3ffb04803332f
https://conda.anaconda.org/conda-forge/noarch/decorator-5.0.6-pyhd8ed1ab_0.tar.bz2#39630f8daa82fec8133e83ca043db78a
https://conda.anaconda.org/conda-forge/noarch/defusedxml-0.7.1-pyhd8ed1ab_0.tar.bz2#961b3a227b437d82ad7054484cfa71b2
https://conda.anaconda.org/conda-forge/noarch/entrypoints-0.3-pyhd8ed1ab_1003.tar.bz2#bbf9a201f6ce99a506f4955374d9a9f4
https://conda.anaconda.org/conda-forge/noarch/filelock-3.0.12-pyh9f0ad1d_0.tar.bz2#7544ed05bbbe9bb687bc9bcbe4d6cb46
https://conda.anaconda.org/conda-forge/noarch/idna-2.10-pyh9f0ad1d_0.tar.bz2#f95a12b4f435aae6680fe55ae2eb1b06
https://conda.anaconda.org/conda-forge/noarch/ipython_genutils-0.2.0-py_1.tar.bz2#5071c982548b3a20caf70462f04f5287
https://conda.anaconda.org/conda-forge/osx-64/libblas-3.9.0-8_openblas.tar.bz2#054ee8e709d3d9c2678a3c8bda034896
https://conda.anaconda.org/conda-forge/noarch/nest-asyncio-1.5.1-pyhd8ed1ab_0.tar.bz2#47a51a5b8f9cc41004c8d7bd88b62447
https://conda.anaconda.org/conda-forge/noarch/pandocfilters-1.4.2-py_1.tar.bz2#ba6f4a308f1ea22abe1d72e72544af76
https://conda.anaconda.org/conda-forge/noarch/parso-0.8.2-pyhd8ed1ab_0.tar.bz2#fb40b157bd62b457a1cc82527b63f0b0
https://conda.anaconda.org/conda-forge/noarch/pickleshare-0.7.5-py_1003.tar.bz2#415f0ebb6198cc2801c73438a9fb5761
https://conda.anaconda.org/conda-forge/noarch/plac-0.9.6-py_1.tar.bz2#1262ab73356f6448017b6721757050a5
https://conda.anaconda.org/conda-forge/noarch/prometheus_client-0.10.1-pyhd8ed1ab_0.tar.bz2#088ca4c07d7b346a2a099b3685a0e992
https://conda.anaconda.org/conda-forge/noarch/ptyprocess-0.7.0-pyhd3deb0d_0.tar.bz2#359eeb6536da0e687af562ed265ec263
https://conda.anaconda.org/conda-forge/noarch/pycparser-2.20-pyh9f0ad1d_2.tar.bz2#aa798d50ffd182a0f6f31478c7f434f6
https://conda.anaconda.org/conda-forge/noarch/pyparsing-2.4.7-pyh9f0ad1d_0.tar.bz2#626c4f20d5bf06dcec9cf2eaa31725c7
https://conda.anaconda.org/conda-forge/osx-64/python_abi-3.8-1_cp38.tar.bz2#5fe7757fd743e1c2d14d6170d4f53365
https://conda.anaconda.org/conda-forge/noarch/pytz-2021.1-pyhd8ed1ab_0.tar.bz2#3af2e9424d5eb0063824a3f9b850d411
https://conda.anaconda.org/conda-forge/noarch/send2trash-1.5.0-py_0.tar.bz2#c3779037a635e1150f1c53c28b875949
https://conda.anaconda.org/conda-forge/noarch/six-1.15.0-pyh9f0ad1d_0.tar.bz2#1eec421f0f1f39e579e44e4a5ce646a2
https://conda.anaconda.org/conda-forge/noarch/smmap-3.0.5-pyh44b312d_0.tar.bz2#3a8dc70789709aa315325d5df06fb7e4
https://conda.anaconda.org/conda-forge/noarch/testpath-0.4.4-py_0.tar.bz2#3b98fff4d5342bebde2ecaa314f796f9
https://conda.anaconda.org/conda-forge/noarch/toml-0.10.2-pyhd8ed1ab_0.tar.bz2#f832c45a477c78bebd107098db465095
https://conda.anaconda.org/conda-forge/noarch/tqdm-4.60.0-pyhd8ed1ab_0.tar.bz2#d4d22fcd50ccf1925fe59efd36ba4358
https://conda.anaconda.org/conda-forge/noarch/wasabi-0.8.2-pyh44b312d_0.tar.bz2#70b01e0d5113aaab73575891538b1664
https://conda.anaconda.org/conda-forge/noarch/webencodings-0.5.1-py_1.tar.bz2#3563be4c5611a44210d9ba0c16113136
https://conda.anaconda.org/conda-forge/noarch/zipp-3.4.1-pyhd8ed1ab_0.tar.bz2#a4fa30eb74a326092b3d8078b1f1aae1
https://conda.anaconda.org/conda-forge/osx-64/appnope-0.1.2-py38h50d1736_1.tar.bz2#8426b3b9bb0f98118f24e55958f88b8e
https://conda.anaconda.org/conda-forge/osx-64/catalogue-1.0.0-py38h50d1736_3.tar.bz2#48dbb6d5550ebfb8135d80711f17b989
https://conda.anaconda.org/conda-forge/osx-64/certifi-2020.12.5-py38h50d1736_1.tar.bz2#fe528d606027dc2848f5a3577ab9b4eb
https://conda.anaconda.org/conda-forge/osx-64/cffi-1.14.5-py38ha97d567_0.tar.bz2#e7e73148c3781ec81b23f02d7891f138
https://conda.anaconda.org/conda-forge/osx-64/chardet-4.0.0-py38h50d1736_1.tar.bz2#78e43861bd8d39b948feaa1715b22851
https://conda.anaconda.org/conda-forge/noarch/click-default-group-1.2.1-py_0.tar.bz2#64a66d3d4db54208496c4e2fa822eeee
https://conda.anaconda.org/conda-forge/osx-64/cymem-2.0.5-py38h91a8764_1.tar.bz2#070308ec980819b7a3b5c04334821bdc
https://conda.anaconda.org/conda-forge/noarch/gitdb-4.0.7-pyhd8ed1ab_0.tar.bz2#12977b4cc317a6ee2939aedcb09a4898
https://conda.anaconda.org/conda-forge/osx-64/importlib-metadata-3.10.0-py38h50d1736_0.tar.bz2#f0e7d2416bbb369b30656fa71cf819b3
https://conda.anaconda.org/conda-forge/osx-64/jedi-0.18.0-py38h50d1736_2.tar.bz2#fd627462ba923b731e3220d729f05951
https://conda.anaconda.org/conda-forge/osx-64/libcblas-3.9.0-8_openblas.tar.bz2#67acafbc05ce608462a59740ef546b52
https://conda.anaconda.org/conda-forge/osx-64/liblapack-3.9.0-8_openblas.tar.bz2#f20c01455d69b8a613bb92cd4544b553
https://conda.anaconda.org/conda-forge/osx-64/lxml-4.6.3-py38h6ea4786_0.tar.bz2#8e17c75c04b4b9654c7a8ac31b5ad179
https://conda.anaconda.org/conda-forge/osx-64/markupsafe-1.1.1-py38h5406a74_3.tar.bz2#f1334fc4cf0a7c6a7defc63457a9771c
https://conda.anaconda.org/conda-forge/osx-64/mistune-0.8.4-py38h5406a74_1003.tar.bz2#a15cfd99b648dbb53db4ab2347ba80e8
https://conda.anaconda.org/conda-forge/osx-64/murmurhash-1.0.5-py38h91a8764_0.tar.bz2#3a6d7fdc97485e6b9b45c95071f4c622
https://conda.anaconda.org/conda-forge/noarch/packaging-20.9-pyh44b312d_0.tar.bz2#be69a38e912054a62dc82cc3c7711a64
https://conda.anaconda.org/conda-forge/noarch/pexpect-4.8.0-pyh9f0ad1d_2.tar.bz2#5909e7b978141dd80d28dbf9de627827
https://conda.anaconda.org/conda-forge/osx-64/pyrsistent-0.17.3-py38h5406a74_2.tar.bz2#50060fafbdcf7202bf3aec945555b911
https://conda.anaconda.org/conda-forge/osx-64/pysocks-1.7.1-py38h50d1736_3.tar.bz2#cbf7ab149d29e578a094bcf99d2dbf09
https://conda.anaconda.org/conda-forge/noarch/python-dateutil-2.8.1-py_0.tar.bz2#0d0150ed9c2d25817f5324108d3f7571
https://conda.anaconda.org/conda-forge/osx-64/pyyaml-5.4.1-py38h5406a74_0.tar.bz2#bf86e551c8730e6f6fd8b01b082929c3
https://conda.anaconda.org/conda-forge/osx-64/pyzmq-22.0.3-py38hd3b92b6_1.tar.bz2#9ad78b293488e09797216e8fd1acb4fb
https://conda.anaconda.org/conda-forge/osx-64/regex-2021.4.4-py38h96a0964_0.tar.bz2#ce562fbde350df0d43e8685810586d3d
https://conda.anaconda.org/conda-forge/noarch/retrying-1.3.3-py_2.tar.bz2#a11f356d6f93b74b4a84e9501afd48b4
https://conda.anaconda.org/conda-forge/osx-64/srsly-1.0.5-py38h91a8764_0.tar.bz2#dbf856128f931b129744acaf7c5dfd9f
https://conda.anaconda.org/conda-forge/osx-64/tornado-6.1-py38h5406a74_1.tar.bz2#9f14218e2a273093a0249c3214972055
https://conda.anaconda.org/conda-forge/noarch/traitlets-5.0.5-py_0.tar.bz2#99618ee9ab1323e40f231acdab92fe60
https://conda.anaconda.org/conda-forge/osx-64/argon2-cffi-20.1.0-py38h5406a74_2.tar.bz2#0345d6e49af20d6aa8af98373075bcad
https://conda.anaconda.org/conda-forge/osx-64/brotlipy-0.7.0-py38h5406a74_1001.tar.bz2#67c7c3b7a69e581e3a611730c8ea94fc
https://conda.anaconda.org/conda-forge/osx-64/cryptography-3.4.7-py38h1fa4640_0.tar.bz2#5304e7f817ae1197827db78524f7c2a7
https://conda.anaconda.org/conda-forge/noarch/gitpython-3.1.14-pyhd8ed1ab_0.tar.bz2#4dca4262c5376a85ce02c517dc385041
https://conda.anaconda.org/conda-forge/osx-64/jupyter_core-4.7.1-py38h50d1736_0.tar.bz2#1253aea385688aebc9941897681c8a2a
https://conda.anaconda.org/conda-forge/osx-64/numpy-1.20.2-py38had91d27_0.tar.bz2#9a5749fcbc6e2b0220f57491748728b2
https://conda.anaconda.org/conda-forge/osx-64/preshed-3.0.5-py38h91a8764_0.tar.bz2#03cdc66efe59cdccdd8c2bbeb3960499
https://conda.anaconda.org/conda-forge/osx-64/setuptools-49.6.0-py38h50d1736_3.tar.bz2#af8a81ee7c2c09fc2884c800a044b616
https://conda.anaconda.org/conda-forge/osx-64/terminado-0.9.4-py38h50d1736_0.tar.bz2#d00253bba516c5a41988e34e60f16b3f
https://conda.anaconda.org/conda-forge/noarch/backports.functools_lru_cache-1.6.3-pyhd8ed1ab_0.tar.bz2#8eefe69ecfa022831387fa0d13126864
https://conda.anaconda.org/conda-forge/noarch/bleach-3.3.0-pyh44b312d_0.tar.bz2#abf6b76c39358ca36ca706c46f054f2a
https://conda.anaconda.org/conda-forge/osx-64/cython-blis-0.4.1-py38h64e0658_1.tar.bz2#c9a39ca97dd4c38f63cf7de176f962f9
https://conda.anaconda.org/conda-forge/noarch/jinja2-2.11.3-pyh44b312d_0.tar.bz2#1d4c3605d85a3655b1595e0694138eb6
https://conda.anaconda.org/conda-forge/noarch/joblib-1.0.1-pyhd8ed1ab_0.tar.bz2#27d5ed1aaf2bbb5a0cc307a12d8e032f
https://conda.anaconda.org/conda-forge/noarch/jsonschema-3.2.0-pyhd8ed1ab_3.tar.bz2#66125e28711d8ffc04a207a2b170316d
https://conda.anaconda.org/conda-forge/noarch/jupyter_client-6.1.12-pyhd8ed1ab_0.tar.bz2#f58b38ddb9f94fa3cafea4ba2b17f93b
https://conda.anaconda.org/conda-forge/osx-64/pandas-1.1.5-py38he9f00de_0.tar.bz2#2f12db1fdfb4435f6857845ab8a6ea12
https://conda.anaconda.org/conda-forge/noarch/plotly-4.4.1-py_0.tar.bz2#44bfcf0c2a5be7f5a093aa9df1e0843e
https://conda.anaconda.org/conda-forge/noarch/pygments-2.8.1-pyhd8ed1ab_0.tar.bz2#196e0cff141677f430fc06eb0d0ad94d
https://conda.anaconda.org/conda-forge/noarch/pyopenssl-20.0.1-pyhd8ed1ab_0.tar.bz2#92371c25994d0f5d28a01c1fb75ebf86
https://conda.anaconda.org/conda-forge/osx-64/scipy-1.6.2-py38h431c0a8_0.tar.bz2#3cb15ccfbe0243d35f9dd325d30a8887
https://conda.anaconda.org/conda-forge/noarch/jupyterlab_pygments-0.1.2-pyh9f0ad1d_0.tar.bz2#2cbd910890bb328e8959246a1e16fac7
https://conda.anaconda.org/conda-forge/noarch/nbformat-5.1.3-pyhd8ed1ab_0.tar.bz2#bafa5df6d4f8db69a4d197b4657127e7
https://conda.anaconda.org/conda-forge/noarch/nltk-3.6.1-pyhd8ed1ab_0.tar.bz2#88e059a022b2a5344acaddd83b56513a
https://conda.anaconda.org/conda-forge/noarch/patsy-0.5.1-py_0.tar.bz2#d971df2dcd1a453daabecec0ef76e88a
https://conda.anaconda.org/conda-forge/osx-64/thinc-7.4.0-py38ha0d09dd_2.tar.bz2#90b47472e7d6e6fa3a7bd54f073fc9ea
https://conda.anaconda.org/conda-forge/noarch/urllib3-1.26.4-pyhd8ed1ab_0.tar.bz2#d7b20b328e23d993994ea02077c009c0
https://conda.anaconda.org/conda-forge/noarch/wcwidth-0.2.5-pyh9f0ad1d_2.tar.bz2#5266fcd697043c59621fda522b3d78ee
https://conda.anaconda.org/conda-forge/noarch/nbclient-0.5.3-pyhd8ed1ab_0.tar.bz2#67f12831640fde52fe9be1bbc6b699e7
https://conda.anaconda.org/conda-forge/noarch/prompt-toolkit-3.0.18-pyha770c72_0.tar.bz2#aa44d0f71016061e83df1126764acdb7
https://conda.anaconda.org/conda-forge/noarch/requests-2.25.1-pyhd3deb0d_0.tar.bz2#ae687aba31a1c400192a86a2e993ffdc
https://conda.anaconda.org/conda-forge/osx-64/statsmodels-0.10.2-py38h3b54f70_0.tar.bz2#c16e72a257d87ac8881a209edc5c9316
https://conda.anaconda.org/conda-forge/noarch/textblob-0.15.3-py_0.tar.bz2#3c0f5398f4d7815a0fa39277101c2550
https://conda.anaconda.org/conda-forge/noarch/ensureconda-1.4.1-pyhd8ed1ab_0.tar.bz2#52a7f7cc9076e2c8a25e15e19ad42821
https://conda.anaconda.org/conda-forge/osx-64/ipython-7.22.0-py38h6c79ece_0.tar.bz2#73decd3e984a7556d780ae960c9169bb
https://conda.anaconda.org/conda-forge/osx-64/nbconvert-6.0.7-py38h50d1736_3.tar.bz2#4f6620112b16223117249294cb939eac
https://conda.anaconda.org/conda-forge/osx-64/spacy-2.2.4-py38ha0d09dd_1.tar.bz2#880ddafdca93719584d8cee9e2f6458b
https://conda.anaconda.org/conda-forge/noarch/conda-lock-0.9.1-pyhd8ed1ab_0.tar.bz2#c918c8071db1665663a46371b0a46620
https://conda.anaconda.org/conda-forge/osx-64/ipykernel-5.5.3-py38h6c79ece_0.tar.bz2#42b61e83d5a5f352af639fe7abd7d726
https://conda.anaconda.org/conda-forge/osx-64/notebook-6.3.0-py38h50d1736_0.tar.bz2#702086d1d9ba5370a4ac7ff41052faaf
https://conda.anaconda.org/conda-forge/noarch/jupyter_contrib_core-0.3.3-py_2.tar.bz2#4704781b0a914d67e4ae8e9f9f5c37a0
https://conda.anaconda.org/conda-forge/noarch/nbdime-2.1.0-py_0.tar.bz2#f67fc83a532d286706aef7f9ec2a1739
https://conda.anaconda.org/conda-forge/osx-64/rise-5.7.1-py38h50d1736_0.tar.bz2#5f4aaec8a079ff6c0af5d0366d9967db
https://conda.anaconda.org/conda-forge/osx-64/jupyter_highlight_selected_word-0.2.0-py38h50d1736_1002.tar.bz2#d1097ccdbf142416316c4f137bad0302
https://conda.anaconda.org/conda-forge/noarch/jupyter_latex_envs-1.4.6-pyhd8ed1ab_1002.tar.bz2#4b888fd7d6b4cdb6736878b2cf8ea951
https://conda.anaconda.org/conda-forge/osx-64/jupyter_nbextensions_configurator-0.4.1-py38h50d1736_2.tar.bz2#bee1560680f96f85e42f576ddb7b4fad
https://conda.anaconda.org/conda-forge/noarch/jupyter_contrib_nbextensions-0.5.1-pyhd8ed1ab_2.tar.bz2#ee3820cb73867efb8c928b93e55f4de3
