# generated by ./extras/scripts/update_packages.sh
name: python-public-policy
channels:
  - defaults
  - conda-forge
dependencies:
  - alabaster=0.7.13
  - anyio=3.6.2
  - appdirs=1.4.4
  - appnope=0.1.3
  - argon2-cffi=21.3.0
  - argon2-cffi-bindings=21.2.0
  - asttokens=2.2.1
  - attrs=21.4.0
  - babel=2.11.0
  - backcall=0.2.0
  - backports=1.0
  - backports.functools_lru_cache=1.6.4
  - beautifulsoup4=4.11.1
  - black=22.12.0
  - bleach=6.0.0
  - brotlipy=0.7.0
  - ca-certificates=2022.12.7
  - certifi=2022.12.7
  - cffi=1.15.1
  - chardet=4.0.0
  - click=8.1.3
  - click-completion=0.5.0
  - click-log=0.4.0
  - colorama=0.4.6
  - comm=0.1.2
  - cryptography=39.0.0
  - dataclasses=0.8
  - debugpy=1.6.6
  - decorator=5.1.1
  - defusedxml=0.7.1
  - docutils=0.17.1
  - entrypoints=0.4
  - exceptiongroup=1.1.0
  - executing=1.2.0
  - flit-core=3.8.0
  - freetype=2.12.1
  - gitdb=4.0.10
  - gitpython=3.1.30
  - greenlet=2.0.1
  - icu=70.1
  - idna=2.10
  - imagesize=1.4.1
  - importlib-metadata=6.0.0
  - importlib_metadata=6.0.0
  - importlib_resources=5.10.2
  - iniconfig=2.0.0
  - ipykernel=6.20.2
  - ipytest=0.12.0
  - ipython=8.8.0
  - ipython_genutils=0.2.0
  - ipywidgets=7.7.2
  - jedi=0.18.2
  - jinja2=3.1.2
  - jpeg=9e
  - jsonschema=3.2.0
  - jupyter-book=0.13.1
  - jupyter-cache=0.4.3
  - jupyter-resource-usage=0.7.0
  - jupyter-server-mathjax=0.2.6
  - jupyter-sphinx=0.3.2
  - jupyter_client=7.4.9
  - jupyter_core=5.1.5
  - jupyter_server=1.23.5
  - jupyterlab_pygments=0.2.2
  - jupyterlab_widgets=1.1.1
  - kaleido-core=0.2.1
  - latexcodec=2.0.1
  - lcms2=2.14
  - lerc=4.0.0
  - libblas=3.9.0
  - libcblas=3.9.0
  - libcxx=14.0.6
  - libdeflate=1.17
  - libffi=3.4.2
  - libgfortran=5.0.0
  - libgfortran5=11.3.0
  - libiconv=1.17
  - libjpeg-turbo=2.1.4
  - liblapack=3.9.0
  - libopenblas=0.3.21
  - libpng=1.6.39
  - libsodium=1.0.18
  - libsqlite=3.40.0
  - libtiff=4.5.0
  - libwebp-base=1.2.4
  - libxcb=1.13
  - libxml2=2.10.3
  - libxslt=1.1.37
  - libzlib=1.2.13
  - linkify-it-py=1.0.3
  - llvm-openmp=15.0.7
  - lxml=4.9.2
  - markdown-it-py=1.1.0
  - markupsafe=2.1.2
  - mathjax=2.7.7
  - matplotlib-inline=0.1.6
  - mdit-py-plugins=0.2.8
  - mistune=0.8.4
  - mypy_extensions=0.4.3
  - myst-nb=0.13.2
  - myst-parser=0.15.2
  - nb_conda=2.2.1
  - nb_conda_kernels=2.3.1
  - nbclassic=0.4.8
  - nbclient=0.5.13
  - nbconvert=6.5.3
  - nbconvert-core=6.5.3
  - nbconvert-pandoc=6.5.3
  - nbdime=3.1.1
  - nbformat=5.7.3
  - nbqa=1.6.1
  - ncurses=6.3
  - nest-asyncio=1.5.6
  - notebook=6.5.2
  - notebook-shim=0.2.2
  - numpy=1.24.1
  - openjpeg=2.5.0
  - openssl=1.1.1s
  - packaging=23.0
  - pandas=1.3.5
  - pandoc=2.19.2
  - pandocfilters=1.5.0
  - parso=0.8.3
  - pathspec=0.11.0
  - patsy=0.5.3
  - pexpect=4.8.0
  - pickleshare=0.7.5
  - pillow=9.4.0
  - pip=22.3.1
  - platformdirs=2.6.2
  - plotly=5.5.0
  - pluggy=1.0.0
  - pooch=1.6.0
  - prometheus_client=0.16.0
  - prompt-toolkit=3.0.36
  - psutil=5.9.4
  - pthread-stubs=0.4
  - ptyprocess=0.7.0
  - pure_eval=0.2.2
  - pybtex=0.24.0
  - pybtex-docutils=1.0.2
  - pycparser=2.21
  - pydata-sphinx-theme=0.8.1
  - pygments=2.14.0
  - pyopenssl=23.0.0
  - pyrsistent=0.19.3
  - pysocks=1.7.1
  - pytest=7.2.1
  - python=3.8.10
  - python-dateutil=2.8.2
  - python-fastjsonschema=2.16.2
  - python-kaleido=0.2.1
  - python_abi=3.8
  - pytz=2022.7.1
  - pyyaml=6.0
  - pyzmq=25.0.0
  - qrcode=7.3.1
  - readline=8.1.2
  - requests=2.25.1
  - rise=5.7.1
  - scipy=1.10.0
  - send2trash=1.8.0
  - setuptools=59.8.0
  - shellingham=1.5.0.post1
  - six=1.16.0
  - smmap=3.0.5
  - sniffio=1.3.0
  - snowballstemmer=2.2.0
  - soupsieve=2.3.2.post1
  - sphinx=4.5.0
  - sphinx-book-theme=0.3.3
  - sphinx-comments=0.0.3
  - sphinx-copybutton=0.5.0
  - sphinx-design=0.1.0
  - sphinx-external-toc=0.2.4
  - sphinx-jupyterbook-latex=0.4.7
  - sphinx-multitoc-numbering=0.1.3
  - sphinx-thebe=0.1.2
  - sphinx-togglebutton=0.3.2
  - sphinxcontrib-applehelp=1.0.4
  - sphinxcontrib-bibtex=2.5.0
  - sphinxcontrib-devhelp=1.0.2
  - sphinxcontrib-htmlhelp=2.0.0
  - sphinxcontrib-jsmath=1.0.1
  - sphinxcontrib-qthelp=1.0.3
  - sphinxcontrib-serializinghtml=1.1.5
  - sqlalchemy=1.4.46
  - sqlite=3.40.0
  - stack_data=0.6.2
  - statsmodels=0.13.5
  - tenacity=8.1.0
  - terminado=0.17.1
  - tinycss2=1.2.1
  - tk=8.6.12
  - tokenize-rt=5.0.0
  - tomli=2.0.1
  - tornado=6.2
  - traitlets=5.8.1
  - typing-extensions=4.4.0
  - typing_extensions=4.4.0
  - uc-micro-py=1.0.1
  - urllib3=1.26.14
  - wcwidth=0.2.6
  - webencodings=0.5.1
  - websocket-client=1.4.2
  - wheel=0.38.4
  - widgetsnbextension=3.6.1
  - xorg-libxau=1.0.9
  - xorg-libxdmcp=1.1.3
  - xz=5.2.6
  - yaml=0.2.5
  - zeromq=4.3.4
  - zipp=3.11.0
  - zlib=1.2.13
  - zstd=1.5.2
