name: base
channels:
  - conda-forge
dependencies:
  - _libgcc_mutex=0.1=conda_forge
  - _openmp_mutex=4.5=1_gnu
  - alembic=1.7.7=pyhd8ed1ab_0
  - anyio=3.5.0=py39hf3d152e_0
  - argon2-cffi=21.3.0=pyhd8ed1ab_0
  - argon2-cffi-bindings=21.2.0=py39h3811e60_1
  - asttokens=2.0.5=pyhd8ed1ab_0
  - async_generator=1.10=py_0
  - attrs=21.4.0=pyhd8ed1ab_0
  - babel=2.9.1=pyh44b312d_0
  - backcall=0.2.0=pyh9f0ad1d_0
  - backports=1.0=py_2
  - backports.functools_lru_cache=1.6.4=pyhd8ed1ab_0
  - beautifulsoup4=4.10.0=pyha770c72_0
  - bleach=4.1.0=pyhd8ed1ab_0
  - blinker=1.4=py_1
  - brotlipy=0.7.0=py39h3811e60_1003
  - bzip2=1.0.8=h7f98852_4
  - c-ares=1.18.1=h7f98852_0
  - ca-certificates=2021.10.8=ha878542_0
  - certifi=2021.10.8=py39hf3d152e_1
  - certipy=0.1.3=py_0
  - cffi=1.15.0=py39h4bc2ebd_0
  - charset-normalizer=2.0.12=pyhd8ed1ab_0
  - colorama=0.4.4=pyh9f0ad1d_0
  - conda=4.11.0=py39hf3d152e_0
  - conda-package-handling=1.7.3=py39h3811e60_1
  - configurable-http-proxy=4.5.1=node17_h7e777a6_1
  - cryptography=36.0.1=py39h95dcef6_0
  - debugpy=1.5.1=py39he80948d_0
  - decorator=5.1.1=pyhd8ed1ab_0
  - defusedxml=0.7.1=pyhd8ed1ab_0
  - entrypoints=0.4=pyhd8ed1ab_0
  - executing=0.8.3=pyhd8ed1ab_0
  - expat=2.4.7=h27087fc_0
  - flit-core=3.7.1=pyhd8ed1ab_0
  - font-ttf-dejavu-sans-mono=2.37=hab24e00_0
  - font-ttf-inconsolata=3.000=h77eed37_0
  - font-ttf-source-code-pro=2.038=h77eed37_0
  - font-ttf-ubuntu=0.83=hab24e00_0
  - fontconfig=2.13.96=h8e229c2_2
  - fonts-conda-forge=1=0
  - freetype=2.10.4=h0708190_1
  - gitdb=4.0.9=pyhd8ed1ab_0
  - gitpython=3.1.27=pyhd8ed1ab_0
  - greenlet=1.1.2=py39he80948d_1
  - icu=69.1=h9c3ff4c_0
  - idna=3.3=pyhd8ed1ab_0
  - importlib-metadata=4.11.3=py39hf3d152e_0
  - importlib_resources=5.4.0=pyhd8ed1ab_0
  - iniconfig=1.1.1=pyh9f0ad1d_0
  - ipykernel=6.9.2=py39hef51801_0
  - ipython=8.1.1=py39hf3d152e_0
  - ipython_genutils=0.2.0=py_1
  - jedi=0.18.1=py39hf3d152e_0
  - jinja2=3.0.3=pyhd8ed1ab_0
  - json5=0.9.5=pyh9f0ad1d_0
  - jsonschema=4.4.0=pyhd8ed1ab_0
  - jupyter-resource-usage=0.6.1=pyhd8ed1ab_0
  - jupyter-server-mathjax=0.2.5=pyhc268e32_0
  - jupyter_client=7.1.2=pyhd8ed1ab_0
  - jupyter_contrib_core=0.3.3=py_2
  - jupyter_contrib_nbextensions=0.5.1=pyhd8ed1ab_2
  - jupyter_core=4.9.2=py39hf3d152e_0
  - jupyter_highlight_selected_word=0.2.0=py39hf3d152e_1005
  - jupyter_latex_envs=1.4.6=pyhd8ed1ab_1002
  - jupyter_nbextensions_configurator=0.4.1=pyhd8ed1ab_2
  - jupyter_server=1.15.6=pyhd8ed1ab_0
  - jupyter_telemetry=0.1.0=pyhd8ed1ab_1
  - jupyterhub=2.2.2=hd8ed1ab_0
  - jupyterhub-base=2.2.2=pyhd8ed1ab_0
  - jupyterlab=3.3.2=pyhd8ed1ab_0
  - jupyterlab_pygments=0.1.2=pyh9f0ad1d_0
  - jupyterlab_server=2.11.0=pyhd8ed1ab_0
  - kaleido-core=0.2.1=h3644ca4_0
  - keyutils=1.6.1=h166bdaf_0
  - krb5=1.19.3=h3790be6_0
  - ld_impl_linux-64=2.36.1=hea4e1c9_2
  - libarchive=3.5.2=hccf745f_1
  - libblas=3.9.0=13_linux64_openblas
  - libcblas=3.9.0=13_linux64_openblas
  - libcurl=7.82.0=h7bff187_0
  - libedit=3.1.20191231=he28a2e2_2
  - libev=4.33=h516909a_1
  - libffi=3.4.2=h7f98852_5
  - libgcc-ng=11.2.0=h1d223b6_14
  - libgfortran-ng=11.2.0=h69a702a_14
  - libgfortran5=11.2.0=h5c6108e_14
  - libgomp=11.2.0=h1d223b6_14
  - libiconv=1.16=h516909a_0
  - liblapack=3.9.0=13_linux64_openblas
  - libmamba=0.21.2=h3985d26_0
  - libmambapy=0.21.2=py39h8bfa403_0
  - libnghttp2=1.47.0=h727a467_0
  - libnsl=2.0.0=h7f98852_0
  - libopenblas=0.3.18=pthreads_h8fe5266_0
  - libpng=1.6.37=h21135ba_2
  - libsodium=1.0.18=h36c2ea0_1
  - libsolv=0.7.19=h780b84a_5
  - libssh2=1.10.0=ha56f1ee_2
  - libstdcxx-ng=11.2.0=he4da1e4_14
  - libuuid=2.32.1=h7f98852_1000
  - libuv=1.43.0=h7f98852_0
  - libxml2=2.9.12=h885dcf4_1
  - libxslt=1.1.33=h0ef7038_3
  - libzlib=1.2.11=h36c2ea0_1013
  - lxml=4.8.0=py39h107f48f_0
  - lz4-c=1.9.3=h9c3ff4c_1
  - lzo=2.10=h516909a_1000
  - mako=1.2.0=pyhd8ed1ab_0
  - mamba=0.21.2=py39hfa8f2c8_0
  - markupsafe=2.1.1=py39hb9d737c_0
  - mathjax=2.7.7=0
  - matplotlib-inline=0.1.3=pyhd8ed1ab_0
  - mistune=0.8.4=py39h3811e60_1005
  - nb_conda=2.2.1=py39hf3d152e_4
  - nb_conda_kernels=2.3.1=py39hf3d152e_1
  - nbclassic=0.3.7=pyhd8ed1ab_0
  - nbclient=0.5.13=pyhd8ed1ab_0
  - nbconvert=6.4.4=py39hf3d152e_0
  - nbdime=3.1.1=pyhd8ed1ab_0
  - nbformat=5.2.0=pyhd8ed1ab_0
  - ncurses=6.3=h9c3ff4c_0
  - nest-asyncio=1.5.4=pyhd8ed1ab_0
  - nodejs=17.4.0=h8ca31f7_0
  - notebook=6.4.10=pyha770c72_0
  - notebook-shim=0.1.0=pyhd8ed1ab_0
  - nspr=4.32=h9c3ff4c_1
  - nss=3.74=hb5efdd6_0
  - numpy=1.22.3=py39h18676bf_0
  - oauthlib=3.2.0=pyhd8ed1ab_0
  - openssl=1.1.1l=h7f98852_0
  - packaging=21.3=pyhd8ed1ab_0
  - pamela=1.0.0=py_0
  - pandas=1.4.1=py39hde0f152_0
  - pandoc=2.17.1.1=ha770c72_0
  - pandocfilters=1.5.0=pyhd8ed1ab_0
  - parso=0.8.3=pyhd8ed1ab_0
  - patsy=0.5.2=pyhd8ed1ab_0
  - pexpect=4.8.0=pyh9f0ad1d_2
  - pickleshare=0.7.5=py_1003
  - pip=22.0.3=pyhd8ed1ab_0
  - plotly=5.6.0=pyhd8ed1ab_0
  - pluggy=1.0.0=py39hf3d152e_2
  - prometheus_client=0.13.1=pyhd8ed1ab_0
  - prompt-toolkit=3.0.27=pyha770c72_0
  - psutil=5.9.0=py39h3811e60_0
  - ptyprocess=0.7.0=pyhd3deb0d_0
  - pure_eval=0.2.2=pyhd8ed1ab_0
  - py=1.11.0=pyh6c4a22f_0
  - pybind11-abi=4=hd8ed1ab_3
  - pycosat=0.6.3=py39h3811e60_1009
  - pycparser=2.21=pyhd8ed1ab_0
  - pycurl=7.45.1=py39hd73adbb_0
  - pygments=2.11.2=pyhd8ed1ab_0
  - pyjwt=2.3.0=pyhd8ed1ab_1
  - pyopenssl=22.0.0=pyhd8ed1ab_0
  - pyparsing=3.0.7=pyhd8ed1ab_0
  - pyrsistent=0.18.1=py39h3811e60_0
  - pysocks=1.7.1=py39hf3d152e_4
  - pytest=7.1.1=py39hf3d152e_0
  - python=3.9.10=h85951f9_2_cpython
  - python-dateutil=2.8.2=pyhd8ed1ab_0
  - python-json-logger=2.0.1=pyh9f0ad1d_0
  - python-kaleido=0.2.1=pyhd8ed1ab_0
  - python_abi=3.9=2_cp39
  - pytz=2021.3=pyhd8ed1ab_0
  - pyyaml=6.0=py39h3811e60_3
  - pyzmq=22.3.0=py39h37b5a0c_1
  - readline=8.1=h46c0cb4_0
  - reproc=14.2.3=h7f98852_0
  - reproc-cpp=14.2.3=h9c3ff4c_0
  - requests=2.27.1=pyhd8ed1ab_0
  - rise=5.7.1=py39hf3d152e_1
  - ruamel.yaml=0.17.21=py39h3811e60_0
  - ruamel.yaml.clib=0.2.6=py39h3811e60_0
  - ruamel_yaml=0.15.80=py39h3811e60_1006
  - scipy=1.8.0=py39hee8e79c_1
  - send2trash=1.8.0=pyhd8ed1ab_0
  - setuptools=60.9.3=py39hf3d152e_0
  - six=1.16.0=pyh6c4a22f_0
  - smmap=3.0.5=pyh44b312d_0
  - sniffio=1.2.0=py39hf3d152e_2
  - soupsieve=2.3.1=pyhd8ed1ab_0
  - sqlalchemy=1.4.32=py39hb9d737c_0
  - sqlite=3.37.0=h9cd32fc_0
  - stack_data=0.2.0=pyhd8ed1ab_0
  - statsmodels=0.13.2=py39hce5d2b2_0
  - tenacity=8.0.1=pyhd8ed1ab_0
  - terminado=0.13.3=py39hf3d152e_0
  - testpath=0.6.0=pyhd8ed1ab_0
  - tk=8.6.12=h27826a3_0
  - tomli=2.0.1=pyhd8ed1ab_0
  - tornado=6.1=py39h3811e60_2
  - tqdm=4.62.3=pyhd8ed1ab_0
  - traitlets=5.1.1=pyhd8ed1ab_0
  - typing_extensions=4.1.1=pyha770c72_0
  - tzdata=2022a=h191b570_0
  - urllib3=1.26.8=pyhd8ed1ab_1
  - wcwidth=0.2.5=pyh9f0ad1d_2
  - webencodings=0.5.1=py_1
  - websocket-client=1.3.1=pyhd8ed1ab_0
  - wheel=0.37.1=pyhd8ed1ab_0
  - xz=5.2.5=h516909a_1
  - yaml=0.2.5=h7f98852_2
  - yaml-cpp=0.6.3=he1b5a44_4
  - zeromq=4.3.4=h9c3ff4c_1
  - zipp=3.7.0=pyhd8ed1ab_1
  - zlib=1.2.11=h36c2ea0_1013
  - zstd=1.5.2=ha95c52a_0
prefix: /opt/conda
